
Microsoft Visual Studio Solution File, Format Version 12.00
# Visual Studio Version 16
VisualStudioVersion = 16.0.30611.23
MinimumVisualStudioVersion = 10.0.40219.1
Project("{9A19103F-16F7-4668-BE54-9A1E7A4F7556}") = "CarMarketAPI", "CarMarketAPI.csproj", "{866581BD-F23C-4990-8625-90F3F1B68D18}"
EndProject
Global
	GlobalSection(SolutionConfigurationPlatforms) = preSolution
		Debug|Any CPU = Debug|Any CPU
		Release|Any CPU = Release|Any CPU
	EndGlobalSection
	GlobalSection(ProjectConfigurationPlatforms) = postSolution
		{866581BD-F23C-4990-8625-90F3F1B68D18}.Debug|Any CPU.ActiveCfg = Debug|Any CPU
		{866581BD-F23C-4990-8625-90F3F1B68D18}.Debug|Any CPU.Build.0 = Debug|Any CPU
		{866581BD-F23C-4990-8625-90F3F1B68D18}.Release|Any CPU.ActiveCfg = Release|Any CPU
		{866581BD-F23C-4990-8625-90F3F1B68D18}.Release|Any CPU.Build.0 = Release|Any CPU
	EndGlobalSection
	GlobalSection(SolutionProperties) = preSolution
		HideSolutionNode = FALSE
	EndGlobalSection
	GlobalSection(ExtensibilityGlobals) = postSolution
		SolutionGuid = {1197E109-6378-439F-831C-A963CD219038}
	EndGlobalSection
EndGlobal
